{
  "version": 4,
  "terraform_version": "1.5.7",
  "serial": 21,
  "lineage": "24480048-4979-bb34-c861-97c0e83a32dc",
  "outputs": {},
  "resources": [
    {
      "mode": "managed",
      "type": "helm_release",
      "name": "metallb",
      "provider": "provider[\"registry.terraform.io/hashicorp/helm\"]",
      "instances": [
        {
          "schema_version": 1,
          "attributes": {
            "atomic": false,
            "chart": "metallb",
            "cleanup_on_fail": false,
            "create_namespace": false,
            "dependency_update": false,
            "description": null,
            "devel": null,
            "disable_crd_hooks": false,
            "disable_openapi_validation": false,
            "disable_webhooks": false,
            "force_update": false,
            "id": "metallb",
            "keyring": null,
            "lint": false,
            "manifest": null,
            "max_history": 0,
            "metadata": [
              {
                "app_version": "v0.14.8",
                "chart": "metallb",
                "first_deployed": 1753222385,
                "last_deployed": 1753222385,
                "name": "metallb",
                "namespace": "metallb-system",
                "notes": "MetalLB is now running in the cluster.\n\nNow you can configure it via its CRs. Please refer to the metallb official docs\non how to use the CRs.\n",
                "revision": 1,
                "values": "{}",
                "version": "0.14.8"
              }
            ],
            "name": "metallb",
            "namespace": "metallb-system",
            "pass_credentials": false,
            "postrender": [],
            "recreate_pods": false,
            "render_subchart_notes": true,
            "replace": false,
            "repository": "https://metallb.github.io/metallb",
            "repository_ca_file": null,
            "repository_cert_file": null,
            "repository_key_file": null,
            "repository_password": null,
            "repository_username": null,
            "reset_values": false,
            "reuse_values": false,
            "set": [],
            "set_list": [],
            "set_sensitive": [],
            "skip_crds": false,
            "status": "deployed",
            "timeout": 600,
            "upgrade_install": null,
            "values": null,
            "verify": false,
            "version": "0.14.8",
            "wait": true,
            "wait_for_jobs": true
          },
          "sensitive_attributes": [],
          "private": "eyJzY2hlbWFfdmVyc2lvbiI6IjEifQ==",
          "dependencies": [
            "kubernetes_namespace.metallb_system"
          ]
        }
      ]
    },
    {
      "mode": "managed",
      "type": "kubernetes_manifest",
      "name": "metallb_ip_pool",
      "provider": "provider[\"registry.terraform.io/hashicorp/kubernetes\"]",
      "instances": [
        {
          "schema_version": 1,
          "attributes": {
            "computed_fields": null,
            "field_manager": [],
            "manifest": {
              "value": {
                "apiVersion": "metallb.io/v1beta1",
                "kind": "IPAddressPool",
                "metadata": {
                  "name": "default-pool",
                  "namespace": "metallb-system"
                },
                "spec": {
                  "addresses": [
                    "192.168.0.100-192.168.0.150"
                  ]
                }
              },
              "type": [
                "object",
                {
                  "apiVersion": "string",
                  "kind": "string",
                  "metadata": [
                    "object",
                    {
                      "name": "string",
                      "namespace": "string"
                    }
                  ],
                  "spec": [
                    "object",
                    {
                      "addresses": [
                        "tuple",
                        [
                          "string"
                        ]
                      ]
                    }
                  ]
                }
              ]
            },
            "object": {
              "value": {
                "apiVersion": "metallb.io/v1beta1",
                "kind": "IPAddressPool",
                "metadata": {
                  "annotations": null,
                  "creationTimestamp": null,
                  "deletionGracePeriodSeconds": null,
                  "deletionTimestamp": null,
                  "finalizers": null,
                  "generateName": null,
                  "generation": null,
                  "labels": null,
                  "managedFields": null,
                  "name": "default-pool",
                  "namespace": "metallb-system",
                  "ownerReferences": null,
                  "resourceVersion": null,
                  "selfLink": null,
                  "uid": null
                },
                "spec": {
                  "addresses": [
                    "192.168.0.100-192.168.0.150"
                  ],
                  "autoAssign": true,
                  "avoidBuggyIPs": false,
                  "serviceAllocation": {
                    "namespaceSelectors": null,
                    "namespaces": null,
                    "priority": null,
                    "serviceSelectors": null
                  }
                }
              },
              "type": [
                "object",
                {
                  "apiVersion": "string",
                  "kind": "string",
                  "metadata": [
                    "object",
                    {
                      "annotations": [
                        "map",
                        "string"
                      ],
                      "creationTimestamp": "string",
                      "deletionGracePeriodSeconds": "number",
                      "deletionTimestamp": "string",
                      "finalizers": [
                        "list",
                        "string"
                      ],
                      "generateName": "string",
                      "generation": "number",
                      "labels": [
                        "map",
                        "string"
                      ],
                      "managedFields": [
                        "tuple",
                        [
                          [
                            "object",
                            {
                              "apiVersion": "string",
                              "fieldsType": "string",
                              "fieldsV1": "dynamic",
                              "manager": "string",
                              "operation": "string",
                              "subresource": "string",
                              "time": "string"
                            }
                          ]
                        ]
                      ],
                      "name": "string",
                      "namespace": "string",
                      "ownerReferences": [
                        "list",
                        [
                          "object",
                          {
                            "apiVersion": "string",
                            "blockOwnerDeletion": "bool",
                            "controller": "bool",
                            "kind": "string",
                            "name": "string",
                            "uid": "string"
                          }
                        ]
                      ],
                      "resourceVersion": "string",
                      "selfLink": "string",
                      "uid": "string"
                    }
                  ],
                  "spec": [
                    "object",
                    {
                      "addresses": [
                        "list",
                        "string"
                      ],
                      "autoAssign": "bool",
                      "avoidBuggyIPs": "bool",
                      "serviceAllocation": [
                        "object",
                        {
                          "namespaceSelectors": [
                            "list",
                            [
                              "object",
                              {
                                "matchExpressions": [
                                  "list",
                                  [
                                    "object",
                                    {
                                      "key": "string",
                                      "operator": "string",
                                      "values": [
                                        "list",
                                        "string"
                                      ]
                                    }
                                  ]
                                ],
                                "matchLabels": [
                                  "map",
                                  "string"
                                ]
                              }
                            ]
                          ],
                          "namespaces": [
                            "list",
                            "string"
                          ],
                          "priority": "number",
                          "serviceSelectors": [
                            "list",
                            [
                              "object",
                              {
                                "matchExpressions": [
                                  "list",
                                  [
                                    "object",
                                    {
                                      "key": "string",
                                      "operator": "string",
                                      "values": [
                                        "list",
                                        "string"
                                      ]
                                    }
                                  ]
                                ],
                                "matchLabels": [
                                  "map",
                                  "string"
                                ]
                              }
                            ]
                          ]
                        }
                      ]
                    }
                  ]
                }
              ]
            },
            "timeouts": [],
            "wait": [],
            "wait_for": null
          },
          "sensitive_attributes": [],
          "dependencies": [
            "helm_release.metallb"
          ]
        }
      ]
    },
    {
      "mode": "managed",
      "type": "kubernetes_manifest",
      "name": "metallb_l2_advertisement",
      "provider": "provider[\"registry.terraform.io/hashicorp/kubernetes\"]",
      "instances": [
        {
          "schema_version": 1,
          "attributes": {
            "computed_fields": null,
            "field_manager": [],
            "manifest": {
              "value": {
                "apiVersion": "metallb.io/v1beta1",
                "kind": "L2Advertisement",
                "metadata": {
                  "name": "default-advertisement",
                  "namespace": "metallb-system"
                },
                "spec": {
                  "ipAddressPools": [
                    "default-pool"
                  ]
                }
              },
              "type": [
                "object",
                {
                  "apiVersion": "string",
                  "kind": "string",
                  "metadata": [
                    "object",
                    {
                      "name": "string",
                      "namespace": "string"
                    }
                  ],
                  "spec": [
                    "object",
                    {
                      "ipAddressPools": [
                        "tuple",
                        [
                          "string"
                        ]
                      ]
                    }
                  ]
                }
              ]
            },
            "object": {
              "value": {
                "apiVersion": "metallb.io/v1beta1",
                "kind": "L2Advertisement",
                "metadata": {
                  "annotations": null,
                  "creationTimestamp": null,
                  "deletionGracePeriodSeconds": null,
                  "deletionTimestamp": null,
                  "finalizers": null,
                  "generateName": null,
                  "generation": null,
                  "labels": null,
                  "managedFields": null,
                  "name": "default-advertisement",
                  "namespace": "metallb-system",
                  "ownerReferences": null,
                  "resourceVersion": null,
                  "selfLink": null,
                  "uid": null
                },
                "spec": {
                  "interfaces": null,
                  "ipAddressPoolSelectors": null,
                  "ipAddressPools": [
                    "default-pool"
                  ],
                  "nodeSelectors": null
                }
              },
              "type": [
                "object",
                {
                  "apiVersion": "string",
                  "kind": "string",
                  "metadata": [
                    "object",
                    {
                      "annotations": [
                        "map",
                        "string"
                      ],
                      "creationTimestamp": "string",
                      "deletionGracePeriodSeconds": "number",
                      "deletionTimestamp": "string",
                      "finalizers": [
                        "list",
                        "string"
                      ],
                      "generateName": "string",
                      "generation": "number",
                      "labels": [
                        "map",
                        "string"
                      ],
                      "managedFields": [
                        "tuple",
                        [
                          [
                            "object",
                            {
                              "apiVersion": "string",
                              "fieldsType": "string",
                              "fieldsV1": "dynamic",
                              "manager": "string",
                              "operation": "string",
                              "subresource": "string",
                              "time": "string"
                            }
                          ]
                        ]
                      ],
                      "name": "string",
                      "namespace": "string",
                      "ownerReferences": [
                        "list",
                        [
                          "object",
                          {
                            "apiVersion": "string",
                            "blockOwnerDeletion": "bool",
                            "controller": "bool",
                            "kind": "string",
                            "name": "string",
                            "uid": "string"
                          }
                        ]
                      ],
                      "resourceVersion": "string",
                      "selfLink": "string",
                      "uid": "string"
                    }
                  ],
                  "spec": [
                    "object",
                    {
                      "interfaces": [
                        "list",
                        "string"
                      ],
                      "ipAddressPoolSelectors": [
                        "list",
                        [
                          "object",
                          {
                            "matchExpressions": [
                              "list",
                              [
                                "object",
                                {
                                  "key": "string",
                                  "operator": "string",
                                  "values": [
                                    "list",
                                    "string"
                                  ]
                                }
                              ]
                            ],
                            "matchLabels": [
                              "map",
                              "string"
                            ]
                          }
                        ]
                      ],
                      "ipAddressPools": [
                        "list",
                        "string"
                      ],
                      "nodeSelectors": [
                        "list",
                        [
                          "object",
                          {
                            "matchExpressions": [
                              "list",
                              [
                                "object",
                                {
                                  "key": "string",
                                  "operator": "string",
                                  "values": [
                                    "list",
                                    "string"
                                  ]
                                }
                              ]
                            ],
                            "matchLabels": [
                              "map",
                              "string"
                            ]
                          }
                        ]
                      ]
                    }
                  ]
                }
              ]
            },
            "timeouts": [],
            "wait": [],
            "wait_for": null
          },
          "sensitive_attributes": [],
          "dependencies": [
            "helm_release.metallb",
            "kubernetes_manifest.metallb_ip_pool"
          ]
        }
      ]
    },
    {
      "mode": "managed",
      "type": "kubernetes_namespace",
      "name": "metallb_system",
      "provider": "provider[\"registry.terraform.io/hashicorp/kubernetes\"]",
      "instances": [
        {
          "schema_version": 0,
          "attributes": {
            "id": "metallb-system",
            "metadata": [
              {
                "annotations": {},
                "generate_name": "",
                "generation": 0,
                "labels": {},
                "name": "metallb-system",
                "resource_version": "556908",
                "uid": "cd450c7a-267e-4200-880c-9a13c32e7cfb"
              }
            ],
            "timeouts": null,
            "wait_for_default_service_account": false
          },
          "sensitive_attributes": [],
          "private": "eyJlMmJmYjczMC1lY2FhLTExZTYtOGY4OC0zNDM2M2JjN2M0YzAiOnsiZGVsZXRlIjozMDAwMDAwMDAwMDB9fQ=="
        }
      ]
    }
  ],
  "check_results": null
}
