{
  "version": 4,
  "terraform_version": "1.5.7",
  "serial": 4,
  "lineage": "5426d791-57dd-f003-41c4-bd4a6af96dd7",
  "outputs": {
    "longhorn_hdd_storage_class": {
      "value": "longhorn-hdd",
      "type": "string"
    },
    "longhorn_namespace": {
      "value": "longhorn-system",
      "type": "string"
    },
    "longhorn_ssd_storage_class": {
      "value": "longhorn-ssd",
      "type": "string"
    }
  },
  "resources": [
    {
      "mode": "managed",
      "type": "helm_release",
      "name": "longhorn",
      "provider": "provider[\"registry.terraform.io/hashicorp/helm\"]",
      "instances": [
        {
          "status": "tainted",
          "schema_version": 1,
          "attributes": {
            "atomic": false,
            "chart": "longhorn",
            "cleanup_on_fail": false,
            "create_namespace": false,
            "dependency_update": false,
            "description": null,
            "devel": null,
            "disable_crd_hooks": false,
            "disable_openapi_validation": false,
            "disable_webhooks": false,
            "force_update": false,
            "id": "longhorn",
            "keyring": null,
            "lint": false,
            "manifest": null,
            "max_history": 0,
            "metadata": [
              {
                "app_version": "v1.7.2",
                "chart": "longhorn",
                "first_deployed": 1751931322,
                "last_deployed": 1751931322,
                "name": "longhorn",
                "namespace": "longhorn-system",
                "notes": "Longhorn is now installed on the cluster!\n\nPlease wait a few minutes for other Longhorn components such as CSI deployments, Engine Images, and Instance Managers to be initialized.\n\nVisit our documentation at https://longhorn.io/docs/\n",
                "revision": 1,
                "values": "{\"defaultSettings\":{\"defaultDataPath\":\"/var/lib/longhorn/\",\"defaultReplicaCount\":1,\"replicaSoftAntiAffinity\":false},\"persistence\":{\"defaultClass\":false}}",
                "version": "1.7.2"
              }
            ],
            "name": "longhorn",
            "namespace": "longhorn-system",
            "pass_credentials": false,
            "postrender": [],
            "recreate_pods": false,
            "render_subchart_notes": true,
            "replace": false,
            "repository": "https://charts.longhorn.io",
            "repository_ca_file": null,
            "repository_cert_file": null,
            "repository_key_file": null,
            "repository_password": null,
            "repository_username": null,
            "reset_values": false,
            "reuse_values": false,
            "set": [
              {
                "name": "defaultSettings.defaultDataPath",
                "type": "",
                "value": "/var/lib/longhorn/"
              },
              {
                "name": "defaultSettings.defaultReplicaCount",
                "type": "",
                "value": "1"
              },
              {
                "name": "defaultSettings.replicaSoftAntiAffinity",
                "type": "",
                "value": "false"
              },
              {
                "name": "persistence.defaultClass",
                "type": "",
                "value": "false"
              }
            ],
            "set_list": [],
            "set_sensitive": [],
            "skip_crds": false,
            "status": "failed",
            "timeout": 300,
            "upgrade_install": null,
            "values": null,
            "verify": false,
            "version": "1.7.2",
            "wait": true,
            "wait_for_jobs": false
          },
          "sensitive_attributes": [],
          "private": "eyJzY2hlbWFfdmVyc2lvbiI6IjEifQ==",
          "dependencies": [
            "kubernetes_namespace.longhorn_system"
          ]
        }
      ]
    },
    {
      "mode": "managed",
      "type": "kubectl_manifest",
      "name": "longhorn_nodes",
      "provider": "provider[\"registry.terraform.io/gavinbunney/kubectl\"]",
      "instances": []
    },
    {
      "mode": "managed",
      "type": "kubernetes_namespace",
      "name": "longhorn_system",
      "provider": "provider[\"registry.terraform.io/hashicorp/kubernetes\"]",
      "instances": [
        {
          "schema_version": 0,
          "attributes": {
            "id": "longhorn-system",
            "metadata": [
              {
                "annotations": null,
                "generate_name": "",
                "generation": 0,
                "labels": null,
                "name": "longhorn-system",
                "resource_version": "3805",
                "uid": "0c78b0d9-30a8-44c0-8b0e-cc8847c24d55"
              }
            ],
            "timeouts": null,
            "wait_for_default_service_account": false
          },
          "sensitive_attributes": [],
          "private": "eyJlMmJmYjczMC1lY2FhLTExZTYtOGY4OC0zNDM2M2JjN2M0YzAiOnsiZGVsZXRlIjozMDAwMDAwMDAwMDB9fQ=="
        }
      ]
    },
    {
      "mode": "managed",
      "type": "kubernetes_storage_class",
      "name": "longhorn_hdd",
      "provider": "provider[\"registry.terraform.io/hashicorp/kubernetes\"]",
      "instances": []
    },
    {
      "mode": "managed",
      "type": "kubernetes_storage_class",
      "name": "longhorn_ssd",
      "provider": "provider[\"registry.terraform.io/hashicorp/kubernetes\"]",
      "instances": []
    }
  ],
  "check_results": null
}
